{
    "_meta": {
        "hash": {
            "sha256": "21aa506f43779352549073bd875b96c5a43d15c05c0267d8492f44bb980636c2"
        },
        "pipfile-spec": 6,
        "requires": {
            "python_version": "3.8"
        },
        "sources": [
            {
                "name": "pypi",
                "url": "https://pypi.org/simple",
                "verify_ssl": true
            }
        ]
    },
    "default": {
        "dill": {
            "hashes": [
                "sha256:7e40e4a70304fd9ceab3535d36e58791d9c4a776b38ec7f7ec9afc8d3dca4d4f",
                "sha256:9f9734205146b2b353ab3fec9af0070237b6ddae78452af83d2fca84d739e675"
            ],
            "index": "pypi",
            "version": "==0.3.4"
        },
        "src": {
            "editable": true,
            "path": "./src"
        }
    },
    "develop": {}
}
